
Microsoft Visual Studio Solution File, Format Version 12.00
# Visual Studio Version 17
VisualStudioVersion = 17.3.32922.545
MinimumVisualStudioVersion = 10.0.40219.1
Project("{9A19103F-16F7-4668-BE54-9A1E7A4F7556}") = "MangaAndLightNovelWebScrape", "Src\MangaAndLightNovelWebScrape.csproj", "{0360E874-7B59-4FF7-BDC2-09729E9B21B3}"
EndProject
Project("{9A19103F-16F7-4668-BE54-9A1E7A4F7556}") = "Tests", "Tests\Tests.csproj", "{BBF9DD97-CE31-4603-8AEF-7B45F7D71B13}"
EndProject
Project("{9A19103F-16F7-4668-BE54-9A1E7A4F7556}") = "Benchmark", "Benchmark\Benchmark.csproj", "{F906C772-244C-4BF4-A99C-A449DF8B32A4}"
EndProject
Global
	GlobalSection(SolutionConfigurationPlatforms) = preSolution
		Debug|Any CPU = Debug|Any CPU
		Release|Any CPU = Release|Any CPU
	EndGlobalSection
	GlobalSection(ProjectConfigurationPlatforms) = postSolution
		{0360E874-7B59-4FF7-BDC2-09729E9B21B3}.Debug|Any CPU.ActiveCfg = Debug|Any CPU
		{0360E874-7B59-4FF7-BDC2-09729E9B21B3}.Debug|Any CPU.Build.0 = Debug|Any CPU
		{0360E874-7B59-4FF7-BDC2-09729E9B21B3}.Release|Any CPU.ActiveCfg = Release|Any CPU
		{0360E874-7B59-4FF7-BDC2-09729E9B21B3}.Release|Any CPU.Build.0 = Release|Any CPU
		{BBF9DD97-CE31-4603-8AEF-7B45F7D71B13}.Debug|Any CPU.ActiveCfg = Debug|Any CPU
		{BBF9DD97-CE31-4603-8AEF-7B45F7D71B13}.Debug|Any CPU.Build.0 = Debug|Any CPU
		{BBF9DD97-CE31-4603-8AEF-7B45F7D71B13}.Release|Any CPU.ActiveCfg = Release|Any CPU
		{BBF9DD97-CE31-4603-8AEF-7B45F7D71B13}.Release|Any CPU.Build.0 = Release|Any CPU
		{F906C772-244C-4BF4-A99C-A449DF8B32A4}.Debug|Any CPU.ActiveCfg = Debug|Any CPU
		{F906C772-244C-4BF4-A99C-A449DF8B32A4}.Debug|Any CPU.Build.0 = Debug|Any CPU
		{F906C772-244C-4BF4-A99C-A449DF8B32A4}.Release|Any CPU.ActiveCfg = Release|Any CPU
		{F906C772-244C-4BF4-A99C-A449DF8B32A4}.Release|Any CPU.Build.0 = Release|Any CPU
	EndGlobalSection
	GlobalSection(SolutionProperties) = preSolution
		HideSolutionNode = FALSE
	EndGlobalSection
	GlobalSection(ExtensibilityGlobals) = postSolution
		SolutionGuid = {D868138D-598B-4DA3-BB6B-093982520E5E}
	EndGlobalSection
EndGlobal
